// !$*UTF8*$!
{
	archiveVersion = 1;
	classes = {
	};
	objectVersion = 46;
	objects = {

/* Begin PBXBuildFile section */
		3E3D39511D649D9F0059E04D /* AppDelegate.swift in Sources */ = {isa = PBXBuildFile; fileRef = 3E3D39501D649D9F0059E04D /* AppDelegate.swift */; };
		3E3D39531D649D9F0059E04D /* ViewController.swift in Sources */ = {isa = PBXBuildFile; fileRef = 3E3D39521D649D9F0059E04D /* ViewController.swift */; };
		3E3D39561D649D9F0059E04D /* Main.storyboard in Resources */ = {isa = PBXBuildFile; fileRef = 3E3D39541D649D9F0059E04D /* Main.storyboard */; };
		3E3D39581D649D9F0059E04D /* Assets.xcassets in Resources */ = {isa = PBXBuildFile; fileRef = 3E3D39571D649D9F0059E04D /* Assets.xcassets */; };
		3E3D395B1D649D9F0059E04D /* LaunchScreen.storyboard in Resources */ = {isa = PBXBuildFile; fileRef = 3E3D39591D649D9F0059E04D /* LaunchScreen.storyboard */; };
		3E9022071D67553D00B056E0 /* csv.swift in Sources */ = {isa = PBXBuildFile; fileRef = 3E9022061D67553D00B056E0 /* csv.swift */; };
		3E9022091D675B8700B056E0 /* pokemon.ttf in Resources */ = {isa = PBXBuildFile; fileRef = 3E9022081D675B8700B056E0 /* pokemon.ttf */; };
		3E90220E1D675D1F00B056E0 /* music.png in Resources */ = {isa = PBXBuildFile; fileRef = 3E90220D1D675D1F00B056E0 /* music.png */; };
		3E9022101D67622700B056E0 /* music.mp3 in Resources */ = {isa = PBXBuildFile; fileRef = 3E90220F1D67622700B056E0 /* music.mp3 */; };
		3EC531E61D64A40900382216 /* pokemon.csv in Resources */ = {isa = PBXBuildFile; fileRef = 3EC531E51D64A40900382216 /* pokemon.csv */; };
		3EC531E91D64A5D600382216 /* Pokemon.swift in Sources */ = {isa = PBXBuildFile; fileRef = 3EC531E81D64A5D600382216 /* Pokemon.swift */; };
		3EC531EC1D64C05000382216 /* PokeCell.swift in Sources */ = {isa = PBXBuildFile; fileRef = 3EC531EB1D64C05000382216 /* PokeCell.swift */; };
/* End PBXBuildFile section */

/* Begin PBXFileReference section */
		3E3D394D1D649D9F0059E04D /* pokedex3.app */ = {isa = PBXFileReference; explicitFileType = wrapper.application; includeInIndex = 0; path = pokedex3.app; sourceTree = BUILT_PRODUCTS_DIR; };
		3E3D39501D649D9F0059E04D /* AppDelegate.swift */ = {isa = PBXFileReference; lastKnownFileType = sourcecode.swift; path = AppDelegate.swift; sourceTree = "<group>"; };
		3E3D39521D649D9F0059E04D /* ViewController.swift */ = {isa = PBXFileReference; lastKnownFileType = sourcecode.swift; path = ViewController.swift; sourceTree = "<group>"; };
		3E3D39551D649D9F0059E04D /* Base */ = {isa = PBXFileReference; lastKnownFileType = file.storyboard; name = Base; path = Base.lproj/Main.storyboard; sourceTree = "<group>"; };
		3E3D39571D649D9F0059E04D /* Assets.xcassets */ = {isa = PBXFileReference; lastKnownFileType = folder.assetcatalog; path = Assets.xcassets; sourceTree = "<group>"; };
		3E3D395A1D649D9F0059E04D /* Base */ = {isa = PBXFileReference; lastKnownFileType = file.storyboard; name = Base; path = Base.lproj/LaunchScreen.storyboard; sourceTree = "<group>"; };
		3E3D395C1D649D9F0059E04D /* Info.plist */ = {isa = PBXFileReference; lastKnownFileType = text.plist.xml; path = Info.plist; sourceTree = "<group>"; };
		3E9022061D67553D00B056E0 /* csv.swift */ = {isa = PBXFileReference; fileEncoding = 4; lastKnownFileType = sourcecode.swift; path = csv.swift; sourceTree = "<group>"; };
		3E9022081D675B8700B056E0 /* pokemon.ttf */ = {isa = PBXFileReference; lastKnownFileType = file; path = pokemon.ttf; sourceTree = "<group>"; };
		3E90220D1D675D1F00B056E0 /* music.png */ = {isa = PBXFileReference; lastKnownFileType = image.png; path = music.png; sourceTree = "<group>"; };
		3E90220F1D67622700B056E0 /* music.mp3 */ = {isa = PBXFileReference; lastKnownFileType = audio.mp3; path = music.mp3; sourceTree = "<group>"; };
		3EC531E51D64A40900382216 /* pokemon.csv */ = {isa = PBXFileReference; fileEncoding = 4; lastKnownFileType = text; path = pokemon.csv; sourceTree = "<group>"; };
		3EC531E81D64A5D600382216 /* Pokemon.swift */ = {isa = PBXFileReference; fileEncoding = 4; lastKnownFileType = sourcecode.swift; path = Pokemon.swift; sourceTree = "<group>"; };
		3EC531EB1D64C05000382216 /* PokeCell.swift */ = {isa = PBXFileReference; fileEncoding = 4; lastKnownFileType = sourcecode.swift; path = PokeCell.swift; sourceTree = "<group>"; };
/* End PBXFileReference section */

/* Begin PBXFrameworksBuildPhase section */
		3E3D394A1D649D9F0059E04D /* Frameworks */ = {
			isa = PBXFrameworksBuildPhase;
			buildActionMask = 2147483647;
			files = (
			);
			runOnlyForDeploymentPostprocessing = 0;
		};
/* End PBXFrameworksBuildPhase section */

/* Begin PBXGroup section */
		3E3D39441D649D9F0059E04D = {
			isa = PBXGroup;
			children = (
				3E3D394F1D649D9F0059E04D /* pokedex3 */,
				3E3D394E1D649D9F0059E04D /* Products */,
			);
			sourceTree = "<group>";
		};
		3E3D394E1D649D9F0059E04D /* Products */ = {
			isa = PBXGroup;
			children = (
				3E3D394D1D649D9F0059E04D /* pokedex3.app */,
			);
			name = Products;
			sourceTree = "<group>";
		};
		3E3D394F1D649D9F0059E04D /* pokedex3 */ = {
			isa = PBXGroup;
			children = (
				3EC531E71D64A5C100382216 /* Model */,
				3EC531EA1D64C03600382216 /* View */,
				3E90220A1D675B9E00B056E0 /* Controller */,
				3E90220B1D675BAD00B056E0 /* Resources */,
				3E90220C1D675BC300B056E0 /* Util */,
				3E3D39501D649D9F0059E04D /* AppDelegate.swift */,
				3E3D39541D649D9F0059E04D /* Main.storyboard */,
				3E3D39571D649D9F0059E04D /* Assets.xcassets */,
				3E3D39591D649D9F0059E04D /* LaunchScreen.storyboard */,
				3E3D395C1D649D9F0059E04D /* Info.plist */,
			);
			path = pokedex3;
			sourceTree = "<group>";
		};
		3E90220A1D675B9E00B056E0 /* Controller */ = {
			isa = PBXGroup;
			children = (
				3E3D39521D649D9F0059E04D /* ViewController.swift */,
			);
			name = Controller;
			sourceTree = "<group>";
		};
		3E90220B1D675BAD00B056E0 /* Resources */ = {
			isa = PBXGroup;
			children = (
				3E90220F1D67622700B056E0 /* music.mp3 */,
				3E90220D1D675D1F00B056E0 /* music.png */,
				3EC531E51D64A40900382216 /* pokemon.csv */,
				3E9022081D675B8700B056E0 /* pokemon.ttf */,
			);
			name = Resources;
			sourceTree = "<group>";
		};
		3E90220C1D675BC300B056E0 /* Util */ = {
			isa = PBXGroup;
			children = (
				3E9022061D67553D00B056E0 /* csv.swift */,
			);
			name = Util;
			sourceTree = "<group>";
		};
		3EC531E71D64A5C100382216 /* Model */ = {
			isa = PBXGroup;
			children = (
				3EC531E81D64A5D600382216 /* Pokemon.swift */,
			);
			name = Model;
			sourceTree = "<group>";
		};
		3EC531EA1D64C03600382216 /* View */ = {
			isa = PBXGroup;
			children = (
				3EC531EB1D64C05000382216 /* PokeCell.swift */,
			);
			name = View;
			sourceTree = "<group>";
		};
/* End PBXGroup section */

/* Begin PBXNativeTarget section */
		3E3D394C1D649D9F0059E04D /* pokedex3 */ = {
			isa = PBXNativeTarget;
			buildConfigurationList = 3E3D395F1D649D9F0059E04D /* Build configuration list for PBXNativeTarget "pokedex3" */;
			buildPhases = (
				3E3D39491D649D9F0059E04D /* Sources */,
				3E3D394A1D649D9F0059E04D /* Frameworks */,
				3E3D394B1D649D9F0059E04D /* Resources */,
			);
			buildRules = (
			);
			dependencies = (
			);
			name = pokedex3;
			productName = pokedex3;
			productReference = 3E3D394D1D649D9F0059E04D /* pokedex3.app */;
			productType = "com.apple.product-type.application";
		};
/* End PBXNativeTarget section */

/* Begin PBXProject section */
		3E3D39451D649D9F0059E04D /* Project object */ = {
			isa = PBXProject;
			attributes = {
				LastSwiftUpdateCheck = 0800;
				LastUpgradeCheck = 0800;
				ORGANIZATIONNAME = "Pavlos Nicolaou";
				TargetAttributes = {
					3E3D394C1D649D9F0059E04D = {
						CreatedOnToolsVersion = 8.0;
						DevelopmentTeam = 82NW4DUZG8;
						LastSwiftMigration = 0800;
						ProvisioningStyle = Automatic;
					};
				};
			};
			buildConfigurationList = 3E3D39481D649D9F0059E04D /* Build configuration list for PBXProject "pokedex3" */;
			compatibilityVersion = "Xcode 3.2";
			developmentRegion = English;
			hasScannedForEncodings = 0;
			knownRegions = (
				en,
				Base,
			);
			mainGroup = 3E3D39441D649D9F0059E04D;
			productRefGroup = 3E3D394E1D649D9F0059E04D /* Products */;
			projectDirPath = "";
			projectRoot = "";
			targets = (
				3E3D394C1D649D9F0059E04D /* pokedex3 */,
			);
		};
/* End PBXProject section */

/* Begin PBXResourcesBuildPhase section */
		3E3D394B1D649D9F0059E04D /* Resources */ = {
			isa = PBXResourcesBuildPhase;
			buildActionMask = 2147483647;
			files = (
				3E9022091D675B8700B056E0 /* pokemon.ttf in Resources */,
				3E3D395B1D649D9F0059E04D /* LaunchScreen.storyboard in Resources */,
				3E3D39581D649D9F0059E04D /* Assets.xcassets in Resources */,
				3EC531E61D64A40900382216 /* pokemon.csv in Resources */,
				3E3D39561D649D9F0059E04D /* Main.storyboard in Resources */,
				3E9022101D67622700B056E0 /* music.mp3 in Resources */,
				3E90220E1D675D1F00B056E0 /* music.png in Resources */,
			);
			runOnlyForDeploymentPostprocessing = 0;
		};
/* End PBXResourcesBuildPhase section */

/* Begin PBXSourcesBuildPhase section */
		3E3D39491D649D9F0059E04D /* Sources */ = {
			isa = PBXSourcesBuildPhase;
			buildActionMask = 2147483647;
			files = (
				3EC531EC1D64C05000382216 /* PokeCell.swift in Sources */,
				3E3D39531D649D9F0059E04D /* ViewController.swift in Sources */,
				3E3D39511D649D9F0059E04D /* AppDelegate.swift in Sources */,
				3EC531E91D64A5D600382216 /* Pokemon.swift in Sources */,
				3E9022071D67553D00B056E0 /* csv.swift in Sources */,
			);
			runOnlyForDeploymentPostprocessing = 0;
		};
/* End PBXSourcesBuildPhase section */

/* Begin PBXVariantGroup section */
		3E3D39541D649D9F0059E04D /* Main.storyboard */ = {
			isa = PBXVariantGroup;
			children = (
				3E3D39551D649D9F0059E04D /* Base */,
			);
			name = Main.storyboard;
			sourceTree = "<group>";
		};
		3E3D39591D649D9F0059E04D /* LaunchScreen.storyboard */ = {
			isa = PBXVariantGroup;
			children = (
				3E3D395A1D649D9F0059E04D /* Base */,
			);
			name = LaunchScreen.storyboard;
			sourceTree = "<group>";
		};
/* End PBXVariantGroup section */

/* Begin XCBuildConfiguration section */
		3E3D395D1D649D9F0059E04D /* Debug */ = {
			isa = XCBuildConfiguration;
			buildSettings = {
				ALWAYS_SEARCH_USER_PATHS = NO;
				CLANG_ANALYZER_NONNULL = YES;
				CLANG_CXX_LANGUAGE_STANDARD = "gnu++0x";
				CLANG_CXX_LIBRARY = "libc++";
				CLANG_ENABLE_MODULES = YES;
				CLANG_ENABLE_OBJC_ARC = YES;
				CLANG_WARN_BOOL_CONVERSION = YES;
				CLANG_WARN_CONSTANT_CONVERSION = YES;
				CLANG_WARN_DIRECT_OBJC_ISA_USAGE = YES_ERROR;
				CLANG_WARN_DOCUMENTATION_COMMENTS = YES;
				CLANG_WARN_EMPTY_BODY = YES;
				CLANG_WARN_ENUM_CONVERSION = YES;
				CLANG_WARN_INFINITE_RECURSION = YES;
				CLANG_WARN_INT_CONVERSION = YES;
				CLANG_WARN_OBJC_ROOT_CLASS = YES_ERROR;
				CLANG_WARN_SUSPICIOUS_MOVES = YES;
				CLANG_WARN_UNREACHABLE_CODE = YES;
				CLANG_WARN__DUPLICATE_METHOD_MATCH = YES;
				"CODE_SIGN_IDENTITY[sdk=iphoneos*]" = "iPhone Developer";
				COPY_PHASE_STRIP = NO;
				DEBUG_INFORMATION_FORMAT = dwarf;
				ENABLE_STRICT_OBJC_MSGSEND = YES;
				ENABLE_TESTABILITY = YES;
				GCC_C_LANGUAGE_STANDARD = gnu99;
				GCC_DYNAMIC_NO_PIC = NO;
				GCC_NO_COMMON_BLOCKS = YES;
				GCC_OPTIMIZATION_LEVEL = 0;
				GCC_PREPROCESSOR_DEFINITIONS = (
					"DEBUG=1",
					"$(inherited)",
				);
				GCC_WARN_64_TO_32_BIT_CONVERSION = YES;
				GCC_WARN_ABOUT_RETURN_TYPE = YES_ERROR;
				GCC_WARN_UNDECLARED_SELECTOR = YES;
				GCC_WARN_UNINITIALIZED_AUTOS = YES_AGGRESSIVE;
				GCC_WARN_UNUSED_FUNCTION = YES;
				GCC_WARN_UNUSED_VARIABLE = YES;
				IPHONEOS_DEPLOYMENT_TARGET = 10.0;
				MTL_ENABLE_DEBUG_INFO = YES;
				ONLY_ACTIVE_ARCH = YES;
				SDKROOT = iphoneos;
				SWIFT_ACTIVE_COMPILATION_CONDITIONS = DEBUG;
				SWIFT_OPTIMIZATION_LEVEL = "-Onone";
				TARGETED_DEVICE_FAMILY = "1,2";
			};
			name = Debug;
		};
		3E3D395E1D649D9F0059E04D /* Release */ = {
			isa = XCBuildConfiguration;
			buildSettings = {
				ALWAYS_SEARCH_USER_PATHS = NO;
				CLANG_ANALYZER_NONNULL = YES;
				CLANG_CXX_LANGUAGE_STANDARD = "gnu++0x";
				CLANG_CXX_LIBRARY = "libc++";
				CLANG_ENABLE_MODULES = YES;
				CLANG_ENABLE_OBJC_ARC = YES;
				CLANG_WARN_BOOL_CONVERSION = YES;
				CLANG_WARN_CONSTANT_CONVERSION = YES;
				CLANG_WARN_DIRECT_OBJC_ISA_USAGE = YES_ERROR;
				CLANG_WARN_DOCUMENTATION_COMMENTS = YES;
				CLANG_WARN_EMPTY_BODY = YES;
				CLANG_WARN_ENUM_CONVERSION = YES;
				CLANG_WARN_INFINITE_RECURSION = YES;
				CLANG_WARN_INT_CONVERSION = YES;
				CLANG_WARN_OBJC_ROOT_CLASS = YES_ERROR;
				CLANG_WARN_SUSPICIOUS_MOVES = YES;
				CLANG_WARN_UNREACHABLE_CODE = YES;
				CLANG_WARN__DUPLICATE_METHOD_MATCH = YES;
				"CODE_SIGN_IDENTITY[sdk=iphoneos*]" = "iPhone Developer";
				COPY_PHASE_STRIP = NO;
				DEBUG_INFORMATION_FORMAT = "dwarf-with-dsym";
				ENABLE_NS_ASSERTIONS = NO;
				ENABLE_STRICT_OBJC_MSGSEND = YES;
				GCC_C_LANGUAGE_STANDARD = gnu99;
				GCC_NO_COMMON_BLOCKS = YES;
				GCC_WARN_64_TO_32_BIT_CONVERSION = YES;
				GCC_WARN_ABOUT_RETURN_TYPE = YES_ERROR;
				GCC_WARN_UNDECLARED_SELECTOR = YES;
				GCC_WARN_UNINITIALIZED_AUTOS = YES_AGGRESSIVE;
				GCC_WARN_UNUSED_FUNCTION = YES;
				GCC_WARN_UNUSED_VARIABLE = YES;
				IPHONEOS_DEPLOYMENT_TARGET = 10.0;
				MTL_ENABLE_DEBUG_INFO = NO;
				SDKROOT = iphoneos;
				SWIFT_OPTIMIZATION_LEVEL = "-Owholemodule";
				TARGETED_DEVICE_FAMILY = "1,2";
				VALIDATE_PRODUCT = YES;
			};
			name = Release;
		};
		3E3D39601D649D9F0059E04D /* Debug */ = {
			isa = XCBuildConfiguration;
			buildSettings = {
				ASSETCATALOG_COMPILER_APPICON_NAME = AppIcon;
				DEVELOPMENT_TEAM = 82NW4DUZG8;
				INFOPLIST_FILE = pokedex3/Info.plist;
				LD_RUNPATH_SEARCH_PATHS = "$(inherited) @executable_path/Frameworks";
				PRODUCT_BUNDLE_IDENTIFIER = com.pavlosnicolaou.pokedex3;
				PRODUCT_NAME = "$(TARGET_NAME)";
				SWIFT_VERSION = 3.0;
			};
			name = Debug;
		};
		3E3D39611D649D9F0059E04D /* Release */ = {
			isa = XCBuildConfiguration;
			buildSettings = {
				ASSETCATALOG_COMPILER_APPICON_NAME = AppIcon;
				DEVELOPMENT_TEAM = 82NW4DUZG8;
				INFOPLIST_FILE = pokedex3/Info.plist;
				LD_RUNPATH_SEARCH_PATHS = "$(inherited) @executable_path/Frameworks";
				PRODUCT_BUNDLE_IDENTIFIER = com.pavlosnicolaou.pokedex3;
				PRODUCT_NAME = "$(TARGET_NAME)";
				SWIFT_VERSION = 3.0;
			};
			name = Release;
		};
/* End XCBuildConfiguration section */

/* Begin XCConfigurationList section */
		3E3D39481D649D9F0059E04D /* Build configuration list for PBXProject "pokedex3" */ = {
			isa = XCConfigurationList;
			buildConfigurations = (
				3E3D395D1D649D9F0059E04D /* Debug */,
				3E3D395E1D649D9F0059E04D /* Release */,
			);
			defaultConfigurationIsVisible = 0;
			defaultConfigurationName = Release;
		};
		3E3D395F1D649D9F0059E04D /* Build configuration list for PBXNativeTarget "pokedex3" */ = {
			isa = XCConfigurationList;
			buildConfigurations = (
				3E3D39601D649D9F0059E04D /* Debug */,
				3E3D39611D649D9F0059E04D /* Release */,
			);
			defaultConfigurationIsVisible = 0;
			defaultConfigurationName = Release;
		};
/* End XCConfigurationList section */
	};
	rootObject = 3E3D39451D649D9F0059E04D /* Project object */;
}
